#MicroXplorer Configuration settings - do not modify
ADC1.Channel-0\#ChannelRegularConversion=ADC_CHANNEL_1
ADC1.IPParameters=Rank-0\#ChannelRegularConversion,master,Channel-0\#ChannelRegularConversion,SamplingTime-0\#ChannelRegularConversion,OffsetNumber-0\#ChannelRegularConversion,MonitoredBy-0\#ChannelRegularConversion,NbrOfConversionFlag
ADC1.MonitoredBy-0\#ChannelRegularConversion=__NULL
ADC1.NbrOfConversionFlag=1
ADC1.OffsetNumber-0\#ChannelRegularConversion=ADC_OFFSET_NONE
ADC1.Rank-0\#ChannelRegularConversion=1
ADC1.SamplingTime-0\#ChannelRegularConversion=ADC_SAMPLETIME_5CYCLE
ADC1.master=1
ADC2.Channel-0\#ChannelRegularConversion=ADC_CHANNEL_2
ADC2.IPParameters=Rank-0\#ChannelRegularConversion,Channel-0\#ChannelRegularConversion,SamplingTime-0\#ChannelRegularConversion,OffsetNumber-0\#ChannelRegularConversion,MonitoredBy-0\#ChannelRegularConversion,NbrOfConversionFlag
ADC2.MonitoredBy-0\#ChannelRegularConversion=__NULL
ADC2.NbrOfConversionFlag=1
ADC2.OffsetNumber-0\#ChannelRegularConversion=ADC_OFFSET_NONE
ADC2.Rank-0\#ChannelRegularConversion=1
ADC2.SamplingTime-0\#ChannelRegularConversion=ADC_SAMPLETIME_5CYCLE
ADC4.Channel-0\#ChannelRegularConversion=ADC_CHANNEL_3
ADC4.CommonPathInternal=null|null|null|null
ADC4.IPParameters=Rank-0\#ChannelRegularConversion,RankArg-0\#ChannelRegularConversion,Channel-0\#ChannelRegularConversion,SelectedChannel,SamplingTime-0\#ChannelRegularConversion,OffsetNumber-0\#ChannelRegularConversion,NbrOfConversionFlag,CommonPathInternal
ADC4.NbrOfConversionFlag=1
ADC4.OffsetNumber-0\#ChannelRegularConversion=ADC_OFFSET_NONE
ADC4.Rank-0\#ChannelRegularConversion=1
ADC4.RankArg-0\#ChannelRegularConversion=ADC4_REGULAR_RANK_1
ADC4.SamplingTime-0\#ChannelRegularConversion=ADC4_SAMPLINGTIME_COMMON_1
ADC4.SelectedChannel=ADC_CHANNEL_3
CAD.formats=
CAD.pinconfig=
CAD.provider=
CORTEX_M33_NS.userName=CORTEX_M33
FDCAN1.CalculateBaudRateNominal=5375000
FDCAN1.CalculateTimeBitNominal=186
FDCAN1.CalculateTimeQuantumNominal=62.01550387596899
FDCAN1.IPParameters=CalculateTimeQuantumNominal,CalculateTimeBitNominal,CalculateBaudRateNominal
File.Version=6
I2C1.IPParameters=Timing
I2C1.Timing=0x00000E14
I2C2.IPParameters=Timing
I2C2.Timing=0x00000E14
I2C3.IPParameters=Timing
I2C3.Timing=0x00000E14
I2C4.IPParameters=Timing
I2C4.Timing=0x00000E14
I2C5.IPParameters=Timing
I2C5.Timing=0x00000E14
I2C6.IPParameters=Timing
I2C6.Timing=0x00000E14
KeepUserPlacement=false
MMTAppRegionsCount=0
MMTConfigApplied=false
Mcu.CPN=STM32U5A9NJH6Q
Mcu.ContextProject=TrustZoneDisabled
Mcu.Family=STM32U5
Mcu.IP0=ADC1
Mcu.IP1=ADC2
Mcu.IP10=I2C6
Mcu.IP11=LPBAM
Mcu.IP12=LPBAMQUEUE
Mcu.IP13=LPUART1
Mcu.IP14=MEMORYMAP
Mcu.IP15=NVIC
Mcu.IP16=PWR
Mcu.IP17=RCC
Mcu.IP18=SPI1
Mcu.IP19=SPI2
Mcu.IP2=ADC4
Mcu.IP20=SPI3
Mcu.IP21=SYS
Mcu.IP22=UART4
Mcu.IP23=UART5
Mcu.IP24=USART1
Mcu.IP25=USART2
Mcu.IP26=USART3
Mcu.IP27=USART6
Mcu.IP3=CORTEX_M33_NS
Mcu.IP4=FDCAN1
Mcu.IP5=I2C1
Mcu.IP6=I2C2
Mcu.IP7=I2C3
Mcu.IP8=I2C4
Mcu.IP9=I2C5
Mcu.IPNb=28
Mcu.Name=STM32U5A9NJHxQ
Mcu.Package=TFBGA216
Mcu.Pin0=PE0
Mcu.Pin1=PB7
Mcu.Pin10=PG13
Mcu.Pin11=PG10
Mcu.Pin12=PD5
Mcu.Pin13=PD2
Mcu.Pin14=PC11
Mcu.Pin15=PH7
Mcu.Pin16=PH5
Mcu.Pin17=PA12
Mcu.Pin18=PA11
Mcu.Pin19=PB8
Mcu.Pin2=PB6
Mcu.Pin20=PD1
Mcu.Pin21=PC12
Mcu.Pin22=PH4
Mcu.Pin23=PB4 (NJTRST)
Mcu.Pin24=PD0
Mcu.Pin25=PG7
Mcu.Pin26=PG3
Mcu.Pin27=PB3 (JTDO/TRACESWO)
Mcu.Pin28=PA9
Mcu.Pin29=PG8
Mcu.Pin3=PG9
Mcu.Pin30=PG4
Mcu.Pin31=PF0
Mcu.Pin32=PF1
Mcu.Pin33=PC1
Mcu.Pin34=PB11
Mcu.Pin35=PD12
Mcu.Pin36=PB10
Mcu.Pin37=PC2
Mcu.Pin38=PC0
Mcu.Pin39=PC5
Mcu.Pin4=PD4
Mcu.Pin40=VP_LPBAMQUEUE_VS_QUEUE
Mcu.Pin41=VP_PWR_VS_SECSignals
Mcu.Pin42=VP_PWR_Vdda
Mcu.Pin43=VP_SYS_VS_Systick
Mcu.Pin44=VP_LPBAM_VS_SIG1
Mcu.Pin45=VP_LPBAM_VS_SIG4
Mcu.Pin46=VP_MEMORYMAP_VS_MEMORYMAP
Mcu.Pin5=PD3
Mcu.Pin6=PC10
Mcu.Pin7=PA15 (JTDI)
Mcu.Pin8=PE1
Mcu.Pin9=PB5
Mcu.PinsNb=47
Mcu.ThirdPartyNb=0
Mcu.UserConstants=
Mcu.UserName=STM32U5A9NJHxQ
MxCube.Version=6.13.0
MxDb.Version=DB.6.0.130
NVIC.BusFault_IRQn=true\:0\:0\:false\:false\:true\:false\:false\:false
NVIC.DebugMonitor_IRQn=true\:0\:0\:false\:false\:true\:false\:false\:false
NVIC.ForceEnableDMAVector=true
NVIC.HardFault_IRQn=true\:0\:0\:false\:false\:true\:false\:false\:false
NVIC.MemoryManagement_IRQn=true\:0\:0\:false\:false\:true\:false\:false\:false
NVIC.NonMaskableInt_IRQn=true\:0\:0\:false\:false\:true\:false\:false\:false
NVIC.PendSV_IRQn=true\:0\:0\:false\:false\:true\:false\:false\:false
NVIC.PriorityGroup=NVIC_PRIORITYGROUP_4
NVIC.SVCall_IRQn=true\:0\:0\:false\:false\:true\:false\:false\:false
NVIC.SysTick_IRQn=true\:15\:0\:false\:false\:true\:false\:true\:false
NVIC.UsageFault_IRQn=true\:0\:0\:false\:false\:true\:false\:false\:false
PA11.Mode=FDCAN_Activate
PA11.Signal=FDCAN1_RX
PA12.Mode=FDCAN_Activate
PA12.Signal=FDCAN1_TX
PA15\ (JTDI).Mode=Asynchronous
PA15\ (JTDI).Signal=USART2_RX
PA9.Mode=Full_Duplex_Master
PA9.Signal=SPI2_SCK
PB10.Mode=Asynchronous
PB10.Signal=USART3_TX
PB11.Mode=I2C
PB11.Signal=I2C4_SDA
PB3\ (JTDO/TRACESWO).Mode=Full_Duplex_Master
PB3\ (JTDO/TRACESWO).Signal=SPI1_SCK
PB4\ (NJTRST).Mode=I2C
PB4\ (NJTRST).Signal=I2C3_SDA
PB5.Mode=Full_Duplex_Master
PB5.Signal=SPI3_MOSI
PB6.Mode=Asynchronous
PB6.Signal=USART1_TX
PB7.Mode=Asynchronous
PB7.Signal=USART1_RX
PB8.Mode=I2C
PB8.Signal=I2C1_SCL
PC0.Mode=IN1-Single-Ended
PC0.Signal=ADC1_IN1
PC1.Mode=IN2-Single-Ended
PC1.Signal=ADC2_IN2
PC10.Mode=Asynchronous
PC10.Signal=UART4_TX
PC11.Mode=Asynchronous
PC11.Signal=UART4_RX
PC12.Mode=Asynchronous
PC12.Signal=UART5_TX
PC2.Mode=IN3
PC2.Signal=ADC4_IN3
PC5.Mode=Asynchronous
PC5.Signal=USART3_RX
PD0.Mode=I2C
PD0.Signal=I2C6_SDA
PD1.Mode=I2C
PD1.Signal=I2C6_SCL
PD12.Mode=I2C
PD12.Signal=I2C4_SCL
PD2.Mode=Asynchronous
PD2.Signal=UART5_RX
PD3.Mode=Full_Duplex_Master
PD3.Signal=SPI2_MISO
PD4.Mode=Full_Duplex_Master
PD4.Signal=SPI2_MOSI
PD5.Mode=Asynchronous
PD5.Signal=USART2_TX
PE0.Mode=Asynchronous
PE0.Signal=USART6_RX
PE1.Mode=Asynchronous
PE1.Signal=USART6_TX
PF0.Mode=I2C
PF0.Signal=I2C2_SDA
PF1.Mode=I2C
PF1.Signal=I2C2_SCL
PG10.Mode=Full_Duplex_Master
PG10.Signal=SPI3_MISO
PG13.Mode=I2C
PG13.Signal=I2C1_SDA
PG3.Mode=Full_Duplex_Master
PG3.Signal=SPI1_MISO
PG4.Mode=Full_Duplex_Master
PG4.Signal=SPI1_MOSI
PG7.Mode=Asynchronous
PG7.Signal=LPUART1_TX
PG8.Mode=Asynchronous
PG8.Signal=LPUART1_RX
PG9.Mode=Full_Duplex_Master
PG9.Signal=SPI3_SCK
PH4.Mode=I2C
PH4.Signal=I2C5_SDA
PH5.Mode=I2C
PH5.Signal=I2C5_SCL
PH7.Mode=I2C
PH7.Signal=I2C3_SCL
PinOutPanel.CurrentBGAView=Top
PinOutPanel.RotationAngle=0
ProjectManager.AskForMigrate=true
ProjectManager.BackupPrevious=false
ProjectManager.CompilerOptimize=6
ProjectManager.ComputerToolchain=false
ProjectManager.CoupleFile=true
ProjectManager.CustomerFirmwarePackage=
ProjectManager.DefaultFWLocation=true
ProjectManager.DeletePrevious=true
ProjectManager.DeviceId=STM32U5A9NJHxQ
ProjectManager.FirmwarePackage=STM32Cube FW_U5 V1.7.0
ProjectManager.FreePins=false
ProjectManager.HalAssertFull=false
ProjectManager.HeapSize=0x200
ProjectManager.KeepUserCode=true
ProjectManager.LPBAM.generateCode=
ProjectManager.LastFirmware=true
ProjectManager.LibraryCopy=1
ProjectManager.MainLocation=Core/Src
ProjectManager.NoMain=false
ProjectManager.PreviousToolchain=
ProjectManager.ProjectBuild=false
ProjectManager.ProjectFileName=U5A.ioc
ProjectManager.ProjectName=U5A
ProjectManager.ProjectStructure=
ProjectManager.RegisterCallBack=
ProjectManager.StackSize=0x400
ProjectManager.TargetToolchain=STM32CubeIDE
ProjectManager.ToolChainLocation=
ProjectManager.UAScriptAfterPath=
ProjectManager.UAScriptBeforePath=
ProjectManager.UnderRoot=true
ProjectManager.functionlistsort=1-SystemClock_Config-RCC-false-HAL-false,2-MX_GPIO_Init-GPIO-false-HAL-true,3-MX_ADC1_Init-ADC1-false-HAL-true,4-MX_ADC2_Init-ADC2-false-HAL-true,5-MX_ADC4_Init-ADC4-false-HAL-true,6-MX_FDCAN1_Init-FDCAN1-false-HAL-true,7-MX_I2C1_Init-I2C1-false-HAL-true,8-MX_I2C2_Init-I2C2-false-HAL-true,9-MX_I2C3_Init-I2C3-false-HAL-true,10-MX_I2C4_Init-I2C4-false-HAL-true,11-MX_I2C5_Init-I2C5-false-HAL-true,12-MX_I2C6_Init-I2C6-false-HAL-true,13-MX_LPUART1_UART_Init-LPUART1-false-HAL-true,14-MX_UART4_Init-UART4-false-HAL-true,15-MX_UART5_Init-UART5-false-HAL-true,16-MX_USART1_UART_Init-USART1-false-HAL-true,17-MX_USART2_UART_Init-USART2-false-HAL-true,18-MX_USART3_UART_Init-USART3-false-HAL-true,19-MX_USART6_UART_Init-USART6-false-HAL-true,20-MX_SPI1_Init-SPI1-false-HAL-true,21-MX_SPI2_Init-SPI2-false-HAL-true,22-MX_SPI3_Init-SPI3-false-HAL-true,0-MX_CORTEX_M33_NS_Init-CORTEX_M33_NS-false-HAL-true,0-MX_PWR_Init-PWR-false-HAL-true
RCC.ADCFreq_Value=16000000
RCC.CK48Freq_Value=48000000
RCC.CRSFreq_Value=48000000
RCC.DACFreq_Value=32000
RCC.DSIFreq_Value=80000000
RCC.EPOD_VALUE=4000000
RCC.FDCANFreq_Value=258000000
RCC.FamilyName=M
RCC.HSE_VALUE=16000000
RCC.HSI48_VALUE=48000000
RCC.HSI_VALUE=16000000
RCC.IPParameters=ADCFreq_Value,CK48Freq_Value,CRSFreq_Value,DACFreq_Value,DSIFreq_Value,EPOD_VALUE,FDCANFreq_Value,FamilyName,HSE_VALUE,HSI48_VALUE,HSI_VALUE,LSCOPinFreq_Value,LSE_VALUE,LSIDIV_VALUE,LSI_VALUE,LTDCFreq_Value,MSI_VALUE,PLL2PoutputFreq_Value,PLL2QoutputFreq_Value,PLL2RoutputFreq_Value,PLL3PoutputFreq_Value,PLL3QoutputFreq_Value,PLL3RoutputFreq_Value,PLLDSIFreq_Value,PLLDSIVCOFreq_Value,PLLPoutputFreq_Value,PLLQoutputFreq_Value,PLLRCLKFreq_Value,RNGFreq_Value,SAESFreq_Value,SAI1Freq_Value,SAI2Freq_Value,SDMMCFreq_Value,USBPHYFreq_Value,VCOInput2Freq_Value,VCOInput3Freq_Value,VCOInputFreq_Value,VCOOutputFreq_Value,VCOPLL2OutputFreq_Value,VCOPLL3OutputFreq_Value
RCC.LSCOPinFreq_Value=32000
RCC.LSE_VALUE=32768
RCC.LSIDIV_VALUE=32000
RCC.LSI_VALUE=32000
RCC.LTDCFreq_Value=258000000
RCC.MSI_VALUE=4000000
RCC.PLL2PoutputFreq_Value=258000000
RCC.PLL2QoutputFreq_Value=258000000
RCC.PLL2RoutputFreq_Value=258000000
RCC.PLL3PoutputFreq_Value=258000000
RCC.PLL3QoutputFreq_Value=258000000
RCC.PLL3RoutputFreq_Value=258000000
RCC.PLLDSIFreq_Value=640000000
RCC.PLLDSIVCOFreq_Value=640000000
RCC.PLLPoutputFreq_Value=258000000
RCC.PLLQoutputFreq_Value=258000000
RCC.PLLRCLKFreq_Value=258000000
RCC.RNGFreq_Value=48000000
RCC.SAESFreq_Value=48000000
RCC.SAI1Freq_Value=258000000
RCC.SAI2Freq_Value=258000000
RCC.SDMMCFreq_Value=258000000
RCC.USBPHYFreq_Value=258000000
RCC.VCOInput2Freq_Value=4000000
RCC.VCOInput3Freq_Value=4000000
RCC.VCOInputFreq_Value=4000000
RCC.VCOOutputFreq_Value=516000000
RCC.VCOPLL2OutputFreq_Value=516000000
RCC.VCOPLL3OutputFreq_Value=516000000
SPI1.CalculateBaudRate=2.0 MBits/s
SPI1.Direction=SPI_DIRECTION_2LINES
SPI1.IPParameters=VirtualType,Mode,Direction,CalculateBaudRate
SPI1.Mode=SPI_MODE_MASTER
SPI1.VirtualType=VM_MASTER
SPI2.CalculateBaudRate=2.0 MBits/s
SPI2.Direction=SPI_DIRECTION_2LINES
SPI2.IPParameters=VirtualType,Mode,Direction,CalculateBaudRate
SPI2.Mode=SPI_MODE_MASTER
SPI2.VirtualType=VM_MASTER
SPI3.CalculateBaudRate=2.0 MBits/s
SPI3.Direction=SPI_DIRECTION_2LINES
SPI3.IPParameters=VirtualType,Mode,Direction,CalculateBaudRate
SPI3.Mode=SPI_MODE_MASTER
SPI3.VirtualType=VM_MASTER
USART1.IPParameters=VirtualMode-Asynchronous
USART1.VirtualMode-Asynchronous=VM_ASYNC
USART2.IPParameters=VirtualMode-Asynchronous
USART2.VirtualMode-Asynchronous=VM_ASYNC
USART3.IPParameters=VirtualMode-Asynchronous
USART3.VirtualMode-Asynchronous=VM_ASYNC
USART6.IPParameters=VirtualMode-Asynchronous
USART6.VirtualMode-Asynchronous=VM_ASYNC
VP_LPBAMQUEUE_VS_QUEUE.Mode=QUEUEMODE
VP_LPBAMQUEUE_VS_QUEUE.Signal=LPBAMQUEUE_VS_QUEUE
VP_LPBAM_VS_SIG1.Mode=SmartRun
VP_LPBAM_VS_SIG1.Signal=LPBAM_VS_SIG1
VP_LPBAM_VS_SIG4.Mode=LPDMA1
VP_LPBAM_VS_SIG4.Signal=LPBAM_VS_SIG4
VP_MEMORYMAP_VS_MEMORYMAP.Mode=CurAppReg
VP_MEMORYMAP_VS_MEMORYMAP.Signal=MEMORYMAP_VS_MEMORYMAP
VP_PWR_VS_SECSignals.Mode=Security/Privilege
VP_PWR_VS_SECSignals.Signal=PWR_VS_SECSignals
VP_PWR_Vdda.Mode=isolationVdda
VP_PWR_Vdda.Signal=PWR_Vdda
VP_SYS_VS_Systick.Mode=SysTick
VP_SYS_VS_Systick.Signal=SYS_VS_Systick
board=custom
isbadioc=false
